// !$*UTF8*$!
{
	archiveVersion = 1;
	classes = {
	};
	objectVersion = 51;
	objects = {

/* Begin PBXBuildFile section */
		6605736656F973F93F5F8BA8 /* Pods_C0761706_LabAssignment2.framework in Frameworks */ = {isa = PBXBuildFile; fileRef = 6A2E278F657D7D52DF36E5DB /* Pods_C0761706_LabAssignment2.framework */; };
		BC278E7923D4DF3300FE83F4 /* AppDelegate.swift in Sources */ = {isa = PBXBuildFile; fileRef = BC278E7823D4DF3300FE83F4 /* AppDelegate.swift */; };
		BC278E7B23D4DF3300FE83F4 /* SceneDelegate.swift in Sources */ = {isa = PBXBuildFile; fileRef = BC278E7A23D4DF3300FE83F4 /* SceneDelegate.swift */; };
		BC278E7D23D4DF3300FE83F4 /* SearchViewController.swift in Sources */ = {isa = PBXBuildFile; fileRef = BC278E7C23D4DF3300FE83F4 /* SearchViewController.swift */; };
		BC278E8023D4DF3300FE83F4 /* Main.storyboard in Resources */ = {isa = PBXBuildFile; fileRef = BC278E7E23D4DF3300FE83F4 /* Main.storyboard */; };
		BC278E8323D4DF3300FE83F4 /* C0761706_LabAssignment2.xcdatamodeld in Sources */ = {isa = PBXBuildFile; fileRef = BC278E8123D4DF3300FE83F4 /* C0761706_LabAssignment2.xcdatamodeld */; };
		BC278E8523D4DF3400FE83F4 /* Assets.xcassets in Resources */ = {isa = PBXBuildFile; fileRef = BC278E8423D4DF3400FE83F4 /* Assets.xcassets */; };
		BC278E8823D4DF3400FE83F4 /* LaunchScreen.storyboard in Resources */ = {isa = PBXBuildFile; fileRef = BC278E8623D4DF3400FE83F4 /* LaunchScreen.storyboard */; };
		BC278E9123D4E07100FE83F4 /* AbstractViewController.swift in Sources */ = {isa = PBXBuildFile; fileRef = BC278E9023D4E07100FE83F4 /* AbstractViewController.swift */; };
		BC278E9323D4E13600FE83F4 /* AddEditTaskViewController.swift in Sources */ = {isa = PBXBuildFile; fileRef = BC278E9223D4E13600FE83F4 /* AddEditTaskViewController.swift */; };
		BC7E3F0823D4E5A5001D6F9C /* PersistenceManager.swift in Sources */ = {isa = PBXBuildFile; fileRef = BC7E3F0723D4E5A5001D6F9C /* PersistenceManager.swift */; };
		BC7E3F0C23D4EAE7001D6F9C /* Extensions.swift in Sources */ = {isa = PBXBuildFile; fileRef = BC7E3F0A23D4EAE7001D6F9C /* Extensions.swift */; };
		BC7E3F0D23D4EAE7001D6F9C /* Helper.swift in Sources */ = {isa = PBXBuildFile; fileRef = BC7E3F0B23D4EAE7001D6F9C /* Helper.swift */; };
		BC7E3F1123D4F18A001D6F9C /* Todo+CoreDataClass.swift in Sources */ = {isa = PBXBuildFile; fileRef = BC7E3F0F23D4F18A001D6F9C /* Todo+CoreDataClass.swift */; };
		BC7E3F1223D4F18A001D6F9C /* Todo+CoreDataProperties.swift in Sources */ = {isa = PBXBuildFile; fileRef = BC7E3F1023D4F18A001D6F9C /* Todo+CoreDataProperties.swift */; };
/* End PBXBuildFile section */

/* Begin PBXFileReference section */
		04E5211AB86CD7D4620601C2 /* Pods-C0761706_LabAssignment2.debug.xcconfig */ = {isa = PBXFileReference; includeInIndex = 1; lastKnownFileType = text.xcconfig; name = "Pods-C0761706_LabAssignment2.debug.xcconfig"; path = "Target Support Files/Pods-C0761706_LabAssignment2/Pods-C0761706_LabAssignment2.debug.xcconfig"; sourceTree = "<group>"; };
		6A2E278F657D7D52DF36E5DB /* Pods_C0761706_LabAssignment2.framework */ = {isa = PBXFileReference; explicitFileType = wrapper.framework; includeInIndex = 0; path = Pods_C0761706_LabAssignment2.framework; sourceTree = BUILT_PRODUCTS_DIR; };
		7247B43CB2FE77D8F9D8029E /* Pods-C0761706_LabAssignment2.release.xcconfig */ = {isa = PBXFileReference; includeInIndex = 1; lastKnownFileType = text.xcconfig; name = "Pods-C0761706_LabAssignment2.release.xcconfig"; path = "Target Support Files/Pods-C0761706_LabAssignment2/Pods-C0761706_LabAssignment2.release.xcconfig"; sourceTree = "<group>"; };
		BC278E7523D4DF3300FE83F4 /* C0761706_LabAssignment2.app */ = {isa = PBXFileReference; explicitFileType = wrapper.application; includeInIndex = 0; path = C0761706_LabAssignment2.app; sourceTree = BUILT_PRODUCTS_DIR; };
		BC278E7823D4DF3300FE83F4 /* AppDelegate.swift */ = {isa = PBXFileReference; lastKnownFileType = sourcecode.swift; path = AppDelegate.swift; sourceTree = "<group>"; };
		BC278E7A23D4DF3300FE83F4 /* SceneDelegate.swift */ = {isa = PBXFileReference; lastKnownFileType = sourcecode.swift; path = SceneDelegate.swift; sourceTree = "<group>"; };
		BC278E7C23D4DF3300FE83F4 /* SearchViewController.swift */ = {isa = PBXFileReference; lastKnownFileType = sourcecode.swift; path = SearchViewController.swift; sourceTree = "<group>"; };
		BC278E7F23D4DF3300FE83F4 /* Base */ = {isa = PBXFileReference; lastKnownFileType = file.storyboard; name = Base; path = Base.lproj/Main.storyboard; sourceTree = "<group>"; };
		BC278E8223D4DF3300FE83F4 /* C0761706_LabAssignment2.xcdatamodel */ = {isa = PBXFileReference; lastKnownFileType = wrapper.xcdatamodel; path = C0761706_LabAssignment2.xcdatamodel; sourceTree = "<group>"; };
		BC278E8423D4DF3400FE83F4 /* Assets.xcassets */ = {isa = PBXFileReference; lastKnownFileType = folder.assetcatalog; path = Assets.xcassets; sourceTree = "<group>"; };
		BC278E8723D4DF3400FE83F4 /* Base */ = {isa = PBXFileReference; lastKnownFileType = file.storyboard; name = Base; path = Base.lproj/LaunchScreen.storyboard; sourceTree = "<group>"; };
		BC278E8923D4DF3400FE83F4 /* Info.plist */ = {isa = PBXFileReference; lastKnownFileType = text.plist.xml; path = Info.plist; sourceTree = "<group>"; };
		BC278E9023D4E07100FE83F4 /* AbstractViewController.swift */ = {isa = PBXFileReference; fileEncoding = 4; lastKnownFileType = sourcecode.swift; path = AbstractViewController.swift; sourceTree = "<group>"; };
		BC278E9223D4E13600FE83F4 /* AddEditTaskViewController.swift */ = {isa = PBXFileReference; lastKnownFileType = sourcecode.swift; path = AddEditTaskViewController.swift; sourceTree = "<group>"; };
		BC7E3F0723D4E5A5001D6F9C /* PersistenceManager.swift */ = {isa = PBXFileReference; fileEncoding = 4; lastKnownFileType = sourcecode.swift; path = PersistenceManager.swift; sourceTree = "<group>"; };
		BC7E3F0A23D4EAE7001D6F9C /* Extensions.swift */ = {isa = PBXFileReference; fileEncoding = 4; lastKnownFileType = sourcecode.swift; path = Extensions.swift; sourceTree = "<group>"; };
		BC7E3F0B23D4EAE7001D6F9C /* Helper.swift */ = {isa = PBXFileReference; fileEncoding = 4; lastKnownFileType = sourcecode.swift; path = Helper.swift; sourceTree = "<group>"; };
		BC7E3F0F23D4F18A001D6F9C /* Todo+CoreDataClass.swift */ = {isa = PBXFileReference; fileEncoding = 4; lastKnownFileType = sourcecode.swift; path = "Todo+CoreDataClass.swift"; sourceTree = "<group>"; };
		BC7E3F1023D4F18A001D6F9C /* Todo+CoreDataProperties.swift */ = {isa = PBXFileReference; fileEncoding = 4; lastKnownFileType = sourcecode.swift; path = "Todo+CoreDataProperties.swift"; sourceTree = "<group>"; };
/* End PBXFileReference section */

/* Begin PBXFrameworksBuildPhase section */
		BC278E7223D4DF3300FE83F4 /* Frameworks */ = {
			isa = PBXFrameworksBuildPhase;
			buildActionMask = 2147483647;
			files = (
				6605736656F973F93F5F8BA8 /* Pods_C0761706_LabAssignment2.framework in Frameworks */,
			);
			runOnlyForDeploymentPostprocessing = 0;
		};
/* End PBXFrameworksBuildPhase section */

/* Begin PBXGroup section */
		31BC0FB25D5A568B3D157ABB /* Pods */ = {
			isa = PBXGroup;
			children = (
				04E5211AB86CD7D4620601C2 /* Pods-C0761706_LabAssignment2.debug.xcconfig */,
				7247B43CB2FE77D8F9D8029E /* Pods-C0761706_LabAssignment2.release.xcconfig */,
			);
			path = Pods;
			sourceTree = "<group>";
		};
		7A05C1B868AB71DAD7C0B5FC /* Frameworks */ = {
			isa = PBXGroup;
			children = (
				6A2E278F657D7D52DF36E5DB /* Pods_C0761706_LabAssignment2.framework */,
			);
			name = Frameworks;
			sourceTree = "<group>";
		};
		BC278E6C23D4DF3300FE83F4 = {
			isa = PBXGroup;
			children = (
				BC278E7723D4DF3300FE83F4 /* C0761706_LabAssignment2 */,
				BC278E7623D4DF3300FE83F4 /* Products */,
				31BC0FB25D5A568B3D157ABB /* Pods */,
				7A05C1B868AB71DAD7C0B5FC /* Frameworks */,
			);
			sourceTree = "<group>";
		};
		BC278E7623D4DF3300FE83F4 /* Products */ = {
			isa = PBXGroup;
			children = (
				BC278E7523D4DF3300FE83F4 /* C0761706_LabAssignment2.app */,
			);
			name = Products;
			sourceTree = "<group>";
		};
		BC278E7723D4DF3300FE83F4 /* C0761706_LabAssignment2 */ = {
			isa = PBXGroup;
			children = (
				BC278E7823D4DF3300FE83F4 /* AppDelegate.swift */,
				BC278E7A23D4DF3300FE83F4 /* SceneDelegate.swift */,
				BC278E7E23D4DF3300FE83F4 /* Main.storyboard */,
				BC278E8423D4DF3400FE83F4 /* Assets.xcassets */,
				BC278E8623D4DF3400FE83F4 /* LaunchScreen.storyboard */,
				BC278E8923D4DF3400FE83F4 /* Info.plist */,
				BC278E8123D4DF3300FE83F4 /* C0761706_LabAssignment2.xcdatamodeld */,
				BC7E3F0E23D4F171001D6F9C /* Model */,
				BC278E8F23D4DF6700FE83F4 /* ViewController */,
				BC7E3F0623D4E57E001D6F9C /* Store */,
				BC7E3F0923D4EAE7001D6F9C /* Libs */,
			);
			path = C0761706_LabAssignment2;
			sourceTree = "<group>";
		};
		BC278E8F23D4DF6700FE83F4 /* ViewController */ = {
			isa = PBXGroup;
			children = (
				BC278E9023D4E07100FE83F4 /* AbstractViewController.swift */,
				BC278E7C23D4DF3300FE83F4 /* SearchViewController.swift */,
				BC278E9223D4E13600FE83F4 /* AddEditTaskViewController.swift */,
			);
			path = ViewController;
			sourceTree = "<group>";
		};
		BC7E3F0623D4E57E001D6F9C /* Store */ = {
			isa = PBXGroup;
			children = (
				BC7E3F0723D4E5A5001D6F9C /* PersistenceManager.swift */,
			);
			path = Store;
			sourceTree = "<group>";
		};
		BC7E3F0923D4EAE7001D6F9C /* Libs */ = {
			isa = PBXGroup;
			children = (
				BC7E3F0A23D4EAE7001D6F9C /* Extensions.swift */,
				BC7E3F0B23D4EAE7001D6F9C /* Helper.swift */,
			);
			path = Libs;
			sourceTree = "<group>";
		};
		BC7E3F0E23D4F171001D6F9C /* Model */ = {
			isa = PBXGroup;
			children = (
				BC7E3F0F23D4F18A001D6F9C /* Todo+CoreDataClass.swift */,
				BC7E3F1023D4F18A001D6F9C /* Todo+CoreDataProperties.swift */,
			);
			path = Model;
			sourceTree = "<group>";
		};
/* End PBXGroup section */

/* Begin PBXNativeTarget section */
		BC278E7423D4DF3300FE83F4 /* C0761706_LabAssignment2 */ = {
			isa = PBXNativeTarget;
			buildConfigurationList = BC278E8C23D4DF3400FE83F4 /* Build configuration list for PBXNativeTarget "C0761706_LabAssignment2" */;
			buildPhases = (
				7E2BB8234C26B1B8DAD5B956 /* [CP] Check Pods Manifest.lock */,
				BC278E7123D4DF3300FE83F4 /* Sources */,
				BC278E7223D4DF3300FE83F4 /* Frameworks */,
				BC278E7323D4DF3300FE83F4 /* Resources */,
				14EED2ED99D9F4CF242EE183 /* [CP] Embed Pods Frameworks */,
			);
			buildRules = (
			);
			dependencies = (
			);
			name = C0761706_LabAssignment2;
			productName = C0761706_LabAssignment2;
			productReference = BC278E7523D4DF3300FE83F4 /* C0761706_LabAssignment2.app */;
			productType = "com.apple.product-type.application";
		};
/* End PBXNativeTarget section */

/* Begin PBXProject section */
		BC278E6D23D4DF3300FE83F4 /* Project object */ = {
			isa = PBXProject;
			attributes = {
				LastSwiftUpdateCheck = 1130;
				LastUpgradeCheck = 1130;
				ORGANIZATIONNAME = "Ramanpreet Singh";
				TargetAttributes = {
					BC278E7423D4DF3300FE83F4 = {
						CreatedOnToolsVersion = 11.3;
					};
				};
			};
			buildConfigurationList = BC278E7023D4DF3300FE83F4 /* Build configuration list for PBXProject "C0761706_LabAssignment2" */;
			compatibilityVersion = "Xcode 9.3";
			developmentRegion = en;
			hasScannedForEncodings = 0;
			knownRegions = (
				en,
				Base,
			);
			mainGroup = BC278E6C23D4DF3300FE83F4;
			productRefGroup = BC278E7623D4DF3300FE83F4 /* Products */;
			projectDirPath = "";
			projectRoot = "";
			targets = (
				BC278E7423D4DF3300FE83F4 /* C0761706_LabAssignment2 */,
			);
		};
/* End PBXProject section */

/* Begin PBXResourcesBuildPhase section */
		BC278E7323D4DF3300FE83F4 /* Resources */ = {
			isa = PBXResourcesBuildPhase;
			buildActionMask = 2147483647;
			files = (
				BC278E8823D4DF3400FE83F4 /* LaunchScreen.storyboard in Resources */,
				BC278E8523D4DF3400FE83F4 /* Assets.xcassets in Resources */,
				BC278E8023D4DF3300FE83F4 /* Main.storyboard in Resources */,
			);
			runOnlyForDeploymentPostprocessing = 0;
		};
/* End PBXResourcesBuildPhase section */

/* Begin PBXShellScriptBuildPhase section */
		14EED2ED99D9F4CF242EE183 /* [CP] Embed Pods Frameworks */ = {
			isa = PBXShellScriptBuildPhase;
			buildActionMask = 2147483647;
			files = (
			);
			inputFileListPaths = (
				"${PODS_ROOT}/Target Support Files/Pods-C0761706_LabAssignment2/Pods-C0761706_LabAssignment2-frameworks-${CONFIGURATION}-input-files.xcfilelist",
			);
			name = "[CP] Embed Pods Frameworks";
			outputFileListPaths = (
				"${PODS_ROOT}/Target Support Files/Pods-C0761706_LabAssignment2/Pods-C0761706_LabAssignment2-frameworks-${CONFIGURATION}-output-files.xcfilelist",
			);
			runOnlyForDeploymentPostprocessing = 0;
			shellPath = /bin/sh;
			shellScript = "\"${PODS_ROOT}/Target Support Files/Pods-C0761706_LabAssignment2/Pods-C0761706_LabAssignment2-frameworks.sh\"\n";
			showEnvVarsInLog = 0;
		};
		7E2BB8234C26B1B8DAD5B956 /* [CP] Check Pods Manifest.lock */ = {
			isa = PBXShellScriptBuildPhase;
			buildActionMask = 2147483647;
			files = (
			);
			inputFileListPaths = (
			);
			inputPaths = (
				"${PODS_PODFILE_DIR_PATH}/Podfile.lock",
				"${PODS_ROOT}/Manifest.lock",
			);
			name = "[CP] Check Pods Manifest.lock";
			outputFileListPaths = (
			);
			outputPaths = (
				"$(DERIVED_FILE_DIR)/Pods-C0761706_LabAssignment2-checkManifestLockResult.txt",
			);
			runOnlyForDeploymentPostprocessing = 0;
			shellPath = /bin/sh;
			shellScript = "diff \"${PODS_PODFILE_DIR_PATH}/Podfile.lock\" \"${PODS_ROOT}/Manifest.lock\" > /dev/null\nif [ $? != 0 ] ; then\n    # print error to STDERR\n    echo \"error: The sandbox is not in sync with the Podfile.lock. Run 'pod install' or update your CocoaPods installation.\" >&2\n    exit 1\nfi\n# This output is used by Xcode 'outputs' to avoid re-running this script phase.\necho \"SUCCESS\" > \"${SCRIPT_OUTPUT_FILE_0}\"\n";
			showEnvVarsInLog = 0;
		};
/* End PBXShellScriptBuildPhase section */

/* Begin PBXSourcesBuildPhase section */
		BC278E7123D4DF3300FE83F4 /* Sources */ = {
			isa = PBXSourcesBuildPhase;
			buildActionMask = 2147483647;
			files = (
				BC278E7D23D4DF3300FE83F4 /* SearchViewController.swift in Sources */,
				BC7E3F0823D4E5A5001D6F9C /* PersistenceManager.swift in Sources */,
				BC278E9323D4E13600FE83F4 /* AddEditTaskViewController.swift in Sources */,
				BC7E3F1123D4F18A001D6F9C /* Todo+CoreDataClass.swift in Sources */,
				BC7E3F0C23D4EAE7001D6F9C /* Extensions.swift in Sources */,
				BC278E9123D4E07100FE83F4 /* AbstractViewController.swift in Sources */,
				BC7E3F0D23D4EAE7001D6F9C /* Helper.swift in Sources */,
				BC7E3F1223D4F18A001D6F9C /* Todo+CoreDataProperties.swift in Sources */,
				BC278E7923D4DF3300FE83F4 /* AppDelegate.swift in Sources */,
				BC278E7B23D4DF3300FE83F4 /* SceneDelegate.swift in Sources */,
				BC278E8323D4DF3300FE83F4 /* C0761706_LabAssignment2.xcdatamodeld in Sources */,
			);
			runOnlyForDeploymentPostprocessing = 0;
		};
/* End PBXSourcesBuildPhase section */

/* Begin PBXVariantGroup section */
		BC278E7E23D4DF3300FE83F4 /* Main.storyboard */ = {
			isa = PBXVariantGroup;
			children = (
				BC278E7F23D4DF3300FE83F4 /* Base */,
			);
			name = Main.storyboard;
			sourceTree = "<group>";
		};
		BC278E8623D4DF3400FE83F4 /* LaunchScreen.storyboard */ = {
			isa = PBXVariantGroup;
			children = (
				BC278E8723D4DF3400FE83F4 /* Base */,
			);
			name = LaunchScreen.storyboard;
			sourceTree = "<group>";
		};
/* End PBXVariantGroup section */

/* Begin XCBuildConfiguration section */
		BC278E8A23D4DF3400FE83F4 /* Debug */ = {
			isa = XCBuildConfiguration;
			buildSettings = {
				ALWAYS_SEARCH_USER_PATHS = NO;
				CLANG_ANALYZER_NONNULL = YES;
				CLANG_ANALYZER_NUMBER_OBJECT_CONVERSION = YES_AGGRESSIVE;
				CLANG_CXX_LANGUAGE_STANDARD = "gnu++14";
				CLANG_CXX_LIBRARY = "libc++";
				CLANG_ENABLE_MODULES = YES;
				CLANG_ENABLE_OBJC_ARC = YES;
				CLANG_ENABLE_OBJC_WEAK = YES;
				CLANG_WARN_BLOCK_CAPTURE_AUTORELEASING = YES;
				CLANG_WARN_BOOL_CONVERSION = YES;
				CLANG_WARN_COMMA = YES;
				CLANG_WARN_CONSTANT_CONVERSION = YES;
				CLANG_WARN_DEPRECATED_OBJC_IMPLEMENTATIONS = YES;
				CLANG_WARN_DIRECT_OBJC_ISA_USAGE = YES_ERROR;
				CLANG_WARN_DOCUMENTATION_COMMENTS = YES;
				CLANG_WARN_EMPTY_BODY = YES;
				CLANG_WARN_ENUM_CONVERSION = YES;
				CLANG_WARN_INFINITE_RECURSION = YES;
				CLANG_WARN_INT_CONVERSION = YES;
				CLANG_WARN_NON_LITERAL_NULL_CONVERSION = YES;
				CLANG_WARN_OBJC_IMPLICIT_RETAIN_SELF = YES;
				CLANG_WARN_OBJC_LITERAL_CONVERSION = YES;
				CLANG_WARN_OBJC_ROOT_CLASS = YES_ERROR;
				CLANG_WARN_RANGE_LOOP_ANALYSIS = YES;
				CLANG_WARN_STRICT_PROTOTYPES = YES;
				CLANG_WARN_SUSPICIOUS_MOVE = YES;
				CLANG_WARN_UNGUARDED_AVAILABILITY = YES_AGGRESSIVE;
				CLANG_WARN_UNREACHABLE_CODE = YES;
				CLANG_WARN__DUPLICATE_METHOD_MATCH = YES;
				COPY_PHASE_STRIP = NO;
				DEBUG_INFORMATION_FORMAT = dwarf;
				ENABLE_STRICT_OBJC_MSGSEND = YES;
				ENABLE_TESTABILITY = YES;
				GCC_C_LANGUAGE_STANDARD = gnu11;
				GCC_DYNAMIC_NO_PIC = NO;
				GCC_NO_COMMON_BLOCKS = YES;
				GCC_OPTIMIZATION_LEVEL = 0;
				GCC_PREPROCESSOR_DEFINITIONS = (
					"DEBUG=1",
					"$(inherited)",
				);
				GCC_WARN_64_TO_32_BIT_CONVERSION = YES;
				GCC_WARN_ABOUT_RETURN_TYPE = YES_ERROR;
				GCC_WARN_UNDECLARED_SELECTOR = YES;
				GCC_WARN_UNINITIALIZED_AUTOS = YES_AGGRESSIVE;
				GCC_WARN_UNUSED_FUNCTION = YES;
				GCC_WARN_UNUSED_VARIABLE = YES;
				IPHONEOS_DEPLOYMENT_TARGET = 13.2;
				MTL_ENABLE_DEBUG_INFO = INCLUDE_SOURCE;
				MTL_FAST_MATH = YES;
				ONLY_ACTIVE_ARCH = YES;
				SDKROOT = iphoneos;
				SWIFT_ACTIVE_COMPILATION_CONDITIONS = DEBUG;
				SWIFT_OPTIMIZATION_LEVEL = "-Onone";
			};
			name = Debug;
		};
		BC278E8B23D4DF3400FE83F4 /* Release */ = {
			isa = XCBuildConfiguration;
			buildSettings = {
				ALWAYS_SEARCH_USER_PATHS = NO;
				CLANG_ANALYZER_NONNULL = YES;
				CLANG_ANALYZER_NUMBER_OBJECT_CONVERSION = YES_AGGRESSIVE;
				CLANG_CXX_LANGUAGE_STANDARD = "gnu++14";
				CLANG_CXX_LIBRARY = "libc++";
				CLANG_ENABLE_MODULES = YES;
				CLANG_ENABLE_OBJC_ARC = YES;
				CLANG_ENABLE_OBJC_WEAK = YES;
				CLANG_WARN_BLOCK_CAPTURE_AUTORELEASING = YES;
				CLANG_WARN_BOOL_CONVERSION = YES;
				CLANG_WARN_COMMA = YES;
				CLANG_WARN_CONSTANT_CONVERSION = YES;
				CLANG_WARN_DEPRECATED_OBJC_IMPLEMENTATIONS = YES;
				CLANG_WARN_DIRECT_OBJC_ISA_USAGE = YES_ERROR;
				CLANG_WARN_DOCUMENTATION_COMMENTS = YES;
				CLANG_WARN_EMPTY_BODY = YES;
				CLANG_WARN_ENUM_CONVERSION = YES;
				CLANG_WARN_INFINITE_RECURSION = YES;
				CLANG_WARN_INT_CONVERSION = YES;
				CLANG_WARN_NON_LITERAL_NULL_CONVERSION = YES;
				CLANG_WARN_OBJC_IMPLICIT_RETAIN_SELF = YES;
				CLANG_WARN_OBJC_LITERAL_CONVERSION = YES;
				CLANG_WARN_OBJC_ROOT_CLASS = YES_ERROR;
				CLANG_WARN_RANGE_LOOP_ANALYSIS = YES;
				CLANG_WARN_STRICT_PROTOTYPES = YES;
				CLANG_WARN_SUSPICIOUS_MOVE = YES;
				CLANG_WARN_UNGUARDED_AVAILABILITY = YES_AGGRESSIVE;
				CLANG_WARN_UNREACHABLE_CODE = YES;
				CLANG_WARN__DUPLICATE_METHOD_MATCH = YES;
				COPY_PHASE_STRIP = NO;
				DEBUG_INFORMATION_FORMAT = "dwarf-with-dsym";
				ENABLE_NS_ASSERTIONS = NO;
				ENABLE_STRICT_OBJC_MSGSEND = YES;
				GCC_C_LANGUAGE_STANDARD = gnu11;
				GCC_NO_COMMON_BLOCKS = YES;
				GCC_WARN_64_TO_32_BIT_CONVERSION = YES;
				GCC_WARN_ABOUT_RETURN_TYPE = YES_ERROR;
				GCC_WARN_UNDECLARED_SELECTOR = YES;
				GCC_WARN_UNINITIALIZED_AUTOS = YES_AGGRESSIVE;
				GCC_WARN_UNUSED_FUNCTION = YES;
				GCC_WARN_UNUSED_VARIABLE = YES;
				IPHONEOS_DEPLOYMENT_TARGET = 13.2;
				MTL_ENABLE_DEBUG_INFO = NO;
				MTL_FAST_MATH = YES;
				SDKROOT = iphoneos;
				SWIFT_COMPILATION_MODE = wholemodule;
				SWIFT_OPTIMIZATION_LEVEL = "-O";
				VALIDATE_PRODUCT = YES;
			};
			name = Release;
		};
		BC278E8D23D4DF3400FE83F4 /* Debug */ = {
			isa = XCBuildConfiguration;
			baseConfigurationReference = 04E5211AB86CD7D4620601C2 /* Pods-C0761706_LabAssignment2.debug.xcconfig */;
			buildSettings = {
				ASSETCATALOG_COMPILER_APPICON_NAME = AppIcon;
				CODE_SIGN_STYLE = Automatic;
				INFOPLIST_FILE = C0761706_LabAssignment2/Info.plist;
				LD_RUNPATH_SEARCH_PATHS = (
					"$(inherited)",
					"@executable_path/Frameworks",
				);
				PRODUCT_BUNDLE_IDENTIFIER = "com.ramanpreet.C0761706-LabAssignment2";
				PRODUCT_NAME = "$(TARGET_NAME)";
				SWIFT_VERSION = 5.0;
				TARGETED_DEVICE_FAMILY = "1,2";
			};
			name = Debug;
		};
		BC278E8E23D4DF3400FE83F4 /* Release */ = {
			isa = XCBuildConfiguration;
			baseConfigurationReference = 7247B43CB2FE77D8F9D8029E /* Pods-C0761706_LabAssignment2.release.xcconfig */;
			buildSettings = {
				ASSETCATALOG_COMPILER_APPICON_NAME = AppIcon;
				CODE_SIGN_STYLE = Automatic;
				INFOPLIST_FILE = C0761706_LabAssignment2/Info.plist;
				LD_RUNPATH_SEARCH_PATHS = (
					"$(inherited)",
					"@executable_path/Frameworks",
				);
				PRODUCT_BUNDLE_IDENTIFIER = "com.ramanpreet.C0761706-LabAssignment2";
				PRODUCT_NAME = "$(TARGET_NAME)";
				SWIFT_VERSION = 5.0;
				TARGETED_DEVICE_FAMILY = "1,2";
			};
			name = Release;
		};
/* End XCBuildConfiguration section */

/* Begin XCConfigurationList section */
		BC278E7023D4DF3300FE83F4 /* Build configuration list for PBXProject "C0761706_LabAssignment2" */ = {
			isa = XCConfigurationList;
			buildConfigurations = (
				BC278E8A23D4DF3400FE83F4 /* Debug */,
				BC278E8B23D4DF3400FE83F4 /* Release */,
			);
			defaultConfigurationIsVisible = 0;
			defaultConfigurationName = Release;
		};
		BC278E8C23D4DF3400FE83F4 /* Build configuration list for PBXNativeTarget "C0761706_LabAssignment2" */ = {
			isa = XCConfigurationList;
			buildConfigurations = (
				BC278E8D23D4DF3400FE83F4 /* Debug */,
				BC278E8E23D4DF3400FE83F4 /* Release */,
			);
			defaultConfigurationIsVisible = 0;
			defaultConfigurationName = Release;
		};
/* End XCConfigurationList section */

/* Begin XCVersionGroup section */
		BC278E8123D4DF3300FE83F4 /* C0761706_LabAssignment2.xcdatamodeld */ = {
			isa = XCVersionGroup;
			children = (
				BC278E8223D4DF3300FE83F4 /* C0761706_LabAssignment2.xcdatamodel */,
			);
			currentVersion = BC278E8223D4DF3300FE83F4 /* C0761706_LabAssignment2.xcdatamodel */;
			path = C0761706_LabAssignment2.xcdatamodeld;
			sourceTree = "<group>";
			versionGroupType = wrapper.xcdatamodel;
		};
/* End XCVersionGroup section */
	};
	rootObject = BC278E6D23D4DF3300FE83F4 /* Project object */;
}
